
Microsoft Visual Studio Solution File, Format Version 12.00
# Visual Studio Version 17
VisualStudioVersion = 17.0.31903.59
MinimumVisualStudioVersion = 10.0.40219.1
Project("{FAE04EC0-301F-11D3-BF4B-00C04F79EFBC}") = "RoundRobinRunning", "RoundRobinRunning\RoundRobinRunning.csproj", "{3AD77245-30D3-4618-A143-B3181B50C46D}"
EndProject
Global
	GlobalSection(SolutionConfigurationPlatforms) = preSolution
		Debug|Any CPU = Debug|Any CPU
		Release|Any CPU = Release|Any CPU
	EndGlobalSection
	GlobalSection(ProjectConfigurationPlatforms) = postSolution
		{3AD77245-30D3-4618-A143-B3181B50C46D}.Debug|Any CPU.ActiveCfg = Debug|Any CPU
		{3AD77245-30D3-4618-A143-B3181B50C46D}.Debug|Any CPU.Build.0 = Debug|Any CPU
		{3AD77245-30D3-4618-A143-B3181B50C46D}.Release|Any CPU.ActiveCfg = Release|Any CPU
		{3AD77245-30D3-4618-A143-B3181B50C46D}.Release|Any CPU.Build.0 = Release|Any CPU
	EndGlobalSection
	GlobalSection(SolutionProperties) = preSolution
		HideSolutionNode = FALSE
	EndGlobalSection
	GlobalSection(ExtensibilityGlobals) = postSolution
		SolutionGuid = {4B973CAC-3A2C-45A9-8F5B-B7DBE48981B9}
	EndGlobalSection
EndGlobal
